
Microsoft Visual Studio Solution File, Format Version 12.00
# Visual Studio Version 17
VisualStudioVersion = 17.1.32228.430
MinimumVisualStudioVersion = 10.0.40219.1
Project("{FAE04EC0-301F-11D3-BF4B-00C04F79EFBC}") = "Semana2Sobrecarga", "Semana2Sobrecarga\Semana2Sobrecarga.csproj", "{F750B7E8-7F63-40CB-A4D1-F6C678316DBF}"
EndProject
Project("{FAE04EC0-301F-11D3-BF4B-00C04F79EFBC}") = "Entidades", "Entidades\Entidades.csproj", "{AEBEAE12-FB89-4F45-8005-82FC69C757F8}"
EndProject
Global
	GlobalSection(SolutionConfigurationPlatforms) = preSolution
		Debug|Any CPU = Debug|Any CPU
		Release|Any CPU = Release|Any CPU
	EndGlobalSection
	GlobalSection(ProjectConfigurationPlatforms) = postSolution
		{F750B7E8-7F63-40CB-A4D1-F6C678316DBF}.Debug|Any CPU.ActiveCfg = Debug|Any CPU
		{F750B7E8-7F63-40CB-A4D1-F6C678316DBF}.Debug|Any CPU.Build.0 = Debug|Any CPU
		{F750B7E8-7F63-40CB-A4D1-F6C678316DBF}.Release|Any CPU.ActiveCfg = Release|Any CPU
		{F750B7E8-7F63-40CB-A4D1-F6C678316DBF}.Release|Any CPU.Build.0 = Release|Any CPU
		{AEBEAE12-FB89-4F45-8005-82FC69C757F8}.Debug|Any CPU.ActiveCfg = Debug|Any CPU
		{AEBEAE12-FB89-4F45-8005-82FC69C757F8}.Debug|Any CPU.Build.0 = Debug|Any CPU
		{AEBEAE12-FB89-4F45-8005-82FC69C757F8}.Release|Any CPU.ActiveCfg = Release|Any CPU
		{AEBEAE12-FB89-4F45-8005-82FC69C757F8}.Release|Any CPU.Build.0 = Release|Any CPU
	EndGlobalSection
	GlobalSection(SolutionProperties) = preSolution
		HideSolutionNode = FALSE
	EndGlobalSection
	GlobalSection(ExtensibilityGlobals) = postSolution
		SolutionGuid = {FA7B769C-18EB-41F3-B034-B6539555B4A6}
	EndGlobalSection
EndGlobal
