
Microsoft Visual Studio Solution File, Format Version 12.00
# Visual Studio Version 17
VisualStudioVersion = 17.1.32228.430
MinimumVisualStudioVersion = 10.0.40219.1
Project("{FAE04EC0-301F-11D3-BF4B-00C04F79EFBC}") = "ParcialAnimales", "ParcialAnimales\ParcialAnimales.csproj", "{52BA9191-0CA4-4828-BDE6-EEA728466E41}"
EndProject
Project("{FAE04EC0-301F-11D3-BF4B-00C04F79EFBC}") = "ConsoleApp1", "ConsoleApp1\ConsoleApp1.csproj", "{8EAC2370-A3C4-4BBA-A035-110FE802A567}"
EndProject
Global
	GlobalSection(SolutionConfigurationPlatforms) = preSolution
		Debug|Any CPU = Debug|Any CPU
		Release|Any CPU = Release|Any CPU
	EndGlobalSection
	GlobalSection(ProjectConfigurationPlatforms) = postSolution
		{52BA9191-0CA4-4828-BDE6-EEA728466E41}.Debug|Any CPU.ActiveCfg = Debug|Any CPU
		{52BA9191-0CA4-4828-BDE6-EEA728466E41}.Debug|Any CPU.Build.0 = Debug|Any CPU
		{52BA9191-0CA4-4828-BDE6-EEA728466E41}.Release|Any CPU.ActiveCfg = Release|Any CPU
		{52BA9191-0CA4-4828-BDE6-EEA728466E41}.Release|Any CPU.Build.0 = Release|Any CPU
		{8EAC2370-A3C4-4BBA-A035-110FE802A567}.Debug|Any CPU.ActiveCfg = Debug|Any CPU
		{8EAC2370-A3C4-4BBA-A035-110FE802A567}.Debug|Any CPU.Build.0 = Debug|Any CPU
		{8EAC2370-A3C4-4BBA-A035-110FE802A567}.Release|Any CPU.ActiveCfg = Release|Any CPU
		{8EAC2370-A3C4-4BBA-A035-110FE802A567}.Release|Any CPU.Build.0 = Release|Any CPU
	EndGlobalSection
	GlobalSection(SolutionProperties) = preSolution
		HideSolutionNode = FALSE
	EndGlobalSection
	GlobalSection(ExtensibilityGlobals) = postSolution
		SolutionGuid = {4ACF730D-BDB9-4099-9347-202743C01556}
	EndGlobalSection
EndGlobal
