
Microsoft Visual Studio Solution File, Format Version 12.00
# Visual Studio Version 17
VisualStudioVersion = 17.1.32228.430
MinimumVisualStudioVersion = 10.0.40219.1
Project("{FAE04EC0-301F-11D3-BF4B-00C04F79EFBC}") = "POOEjercicioI01", "POOEjercicioI01\POOEjercicioI01.csproj", "{06DD8AE8-2B97-4ACE-92C2-A4F26346DEDF}"
EndProject
Project("{FAE04EC0-301F-11D3-BF4B-00C04F79EFBC}") = "Entidades", "Entidades\Entidades.csproj", "{64294BFC-B490-45CC-AF66-D18864BDECD7}"
EndProject
Global
	GlobalSection(SolutionConfigurationPlatforms) = preSolution
		Debug|Any CPU = Debug|Any CPU
		Release|Any CPU = Release|Any CPU
	EndGlobalSection
	GlobalSection(ProjectConfigurationPlatforms) = postSolution
		{06DD8AE8-2B97-4ACE-92C2-A4F26346DEDF}.Debug|Any CPU.ActiveCfg = Debug|Any CPU
		{06DD8AE8-2B97-4ACE-92C2-A4F26346DEDF}.Debug|Any CPU.Build.0 = Debug|Any CPU
		{06DD8AE8-2B97-4ACE-92C2-A4F26346DEDF}.Release|Any CPU.ActiveCfg = Release|Any CPU
		{06DD8AE8-2B97-4ACE-92C2-A4F26346DEDF}.Release|Any CPU.Build.0 = Release|Any CPU
		{64294BFC-B490-45CC-AF66-D18864BDECD7}.Debug|Any CPU.ActiveCfg = Debug|Any CPU
		{64294BFC-B490-45CC-AF66-D18864BDECD7}.Debug|Any CPU.Build.0 = Debug|Any CPU
		{64294BFC-B490-45CC-AF66-D18864BDECD7}.Release|Any CPU.ActiveCfg = Release|Any CPU
		{64294BFC-B490-45CC-AF66-D18864BDECD7}.Release|Any CPU.Build.0 = Release|Any CPU
	EndGlobalSection
	GlobalSection(SolutionProperties) = preSolution
		HideSolutionNode = FALSE
	EndGlobalSection
	GlobalSection(ExtensibilityGlobals) = postSolution
		SolutionGuid = {33993790-C1E3-47C4-8381-572A86F17B56}
	EndGlobalSection
EndGlobal
