
Microsoft Visual Studio Solution File, Format Version 12.00
# Visual Studio Version 17
VisualStudioVersion = 17.1.32228.430
MinimumVisualStudioVersion = 10.0.40219.1
Project("{FAE04EC0-301F-11D3-BF4B-00C04F79EFBC}") = "POOA02", "POOA02\POOA02.csproj", "{D284F46F-2661-4549-9565-0188466F9A7E}"
EndProject
Project("{FAE04EC0-301F-11D3-BF4B-00C04F79EFBC}") = "Entidades", "Entidades\Entidades.csproj", "{7D2DB510-CB62-45AE-BD09-3122DAE571EE}"
EndProject
Global
	GlobalSection(SolutionConfigurationPlatforms) = preSolution
		Debug|Any CPU = Debug|Any CPU
		Release|Any CPU = Release|Any CPU
	EndGlobalSection
	GlobalSection(ProjectConfigurationPlatforms) = postSolution
		{D284F46F-2661-4549-9565-0188466F9A7E}.Debug|Any CPU.ActiveCfg = Debug|Any CPU
		{D284F46F-2661-4549-9565-0188466F9A7E}.Debug|Any CPU.Build.0 = Debug|Any CPU
		{D284F46F-2661-4549-9565-0188466F9A7E}.Release|Any CPU.ActiveCfg = Release|Any CPU
		{D284F46F-2661-4549-9565-0188466F9A7E}.Release|Any CPU.Build.0 = Release|Any CPU
		{7D2DB510-CB62-45AE-BD09-3122DAE571EE}.Debug|Any CPU.ActiveCfg = Debug|Any CPU
		{7D2DB510-CB62-45AE-BD09-3122DAE571EE}.Debug|Any CPU.Build.0 = Debug|Any CPU
		{7D2DB510-CB62-45AE-BD09-3122DAE571EE}.Release|Any CPU.ActiveCfg = Release|Any CPU
		{7D2DB510-CB62-45AE-BD09-3122DAE571EE}.Release|Any CPU.Build.0 = Release|Any CPU
	EndGlobalSection
	GlobalSection(SolutionProperties) = preSolution
		HideSolutionNode = FALSE
	EndGlobalSection
	GlobalSection(ExtensibilityGlobals) = postSolution
		SolutionGuid = {A08499FC-E222-4AF1-9B02-0AF11109A960}
	EndGlobalSection
EndGlobal
