
Microsoft Visual Studio Solution File, Format Version 12.00
# Visual Studio Version 17
VisualStudioVersion = 17.1.32228.430
MinimumVisualStudioVersion = 10.0.40219.1
Project("{FAE04EC0-301F-11D3-BF4B-00C04F79EFBC}") = "WinFormsClase1", "WinFormsClase1\WinFormsClase1.csproj", "{B518237F-5D29-469A-A8CD-4CD5F01D6F40}"
EndProject
Global
	GlobalSection(SolutionConfigurationPlatforms) = preSolution
		Debug|Any CPU = Debug|Any CPU
		Release|Any CPU = Release|Any CPU
	EndGlobalSection
	GlobalSection(ProjectConfigurationPlatforms) = postSolution
		{B518237F-5D29-469A-A8CD-4CD5F01D6F40}.Debug|Any CPU.ActiveCfg = Debug|Any CPU
		{B518237F-5D29-469A-A8CD-4CD5F01D6F40}.Debug|Any CPU.Build.0 = Debug|Any CPU
		{B518237F-5D29-469A-A8CD-4CD5F01D6F40}.Release|Any CPU.ActiveCfg = Release|Any CPU
		{B518237F-5D29-469A-A8CD-4CD5F01D6F40}.Release|Any CPU.Build.0 = Release|Any CPU
	EndGlobalSection
	GlobalSection(SolutionProperties) = preSolution
		HideSolutionNode = FALSE
	EndGlobalSection
	GlobalSection(ExtensibilityGlobals) = postSolution
		SolutionGuid = {6A81B9BA-2D56-4DAD-BB6A-5CE9BACBBB6C}
	EndGlobalSection
EndGlobal
