
Microsoft Visual Studio Solution File, Format Version 12.00
# Visual Studio Version 17
VisualStudioVersion = 17.2.32526.322
MinimumVisualStudioVersion = 10.0.40219.1
Project("{FAE04EC0-301F-11D3-BF4B-00C04F79EFBC}") = "Linq", "Linq\Linq.csproj", "{750B3B23-F45E-4D8B-A08F-C9F1834A4282}"
EndProject
Project("{FAE04EC0-301F-11D3-BF4B-00C04F79EFBC}") = "Entidades", "Entidades\Entidades.csproj", "{596CD878-3576-4F7B-B637-696EC49A0C6D}"
EndProject
Global
	GlobalSection(SolutionConfigurationPlatforms) = preSolution
		Debug|Any CPU = Debug|Any CPU
		Release|Any CPU = Release|Any CPU
	EndGlobalSection
	GlobalSection(ProjectConfigurationPlatforms) = postSolution
		{750B3B23-F45E-4D8B-A08F-C9F1834A4282}.Debug|Any CPU.ActiveCfg = Debug|Any CPU
		{750B3B23-F45E-4D8B-A08F-C9F1834A4282}.Debug|Any CPU.Build.0 = Debug|Any CPU
		{750B3B23-F45E-4D8B-A08F-C9F1834A4282}.Release|Any CPU.ActiveCfg = Release|Any CPU
		{750B3B23-F45E-4D8B-A08F-C9F1834A4282}.Release|Any CPU.Build.0 = Release|Any CPU
		{596CD878-3576-4F7B-B637-696EC49A0C6D}.Debug|Any CPU.ActiveCfg = Debug|Any CPU
		{596CD878-3576-4F7B-B637-696EC49A0C6D}.Debug|Any CPU.Build.0 = Debug|Any CPU
		{596CD878-3576-4F7B-B637-696EC49A0C6D}.Release|Any CPU.ActiveCfg = Release|Any CPU
		{596CD878-3576-4F7B-B637-696EC49A0C6D}.Release|Any CPU.Build.0 = Release|Any CPU
	EndGlobalSection
	GlobalSection(SolutionProperties) = preSolution
		HideSolutionNode = FALSE
	EndGlobalSection
	GlobalSection(ExtensibilityGlobals) = postSolution
		SolutionGuid = {19AA6BC8-03A3-4EDE-848B-1837E3F27635}
	EndGlobalSection
EndGlobal
